// !$*UTF8*$!
{
	archiveVersion = 1;
	classes = {
	};
	objectVersion = 77;
	objects = {

/* Begin PBXBuildFile section */
		874BB5002EA265B6004AFFD5 /* readme.md in Resources */ = {isa = PBXBuildFile; fileRef = 874BB4FF2EA265B2004AFFD5 /* readme.md */; };
		877496472F228481001F6CAD /* ShareExtension.appex in Embed Foundation Extensions */ = {isa = PBXBuildFile; fileRef = 8774963D2F228481001F6CAD /* ShareExtension.appex */; settings = {ATTRIBUTES = (RemoveHeadersOnCopy, ); }; };
		8774965B2F2284DD001F6CAD /* ShareExtensionDev.appex in Embed Foundation Extensions */ = {isa = PBXBuildFile; fileRef = 877496512F2284DD001F6CAD /* ShareExtensionDev.appex */; settings = {ATTRIBUTES = (RemoveHeadersOnCopy, ); }; };
		877496672F22869A001F6CAD /* ShareViewModel.swift in Sources */ = {isa = PBXBuildFile; fileRef = 877496652F22869A001F6CAD /* ShareViewModel.swift */; };
		877496682F22869A001F6CAD /* ShareView.swift in Sources */ = {isa = PBXBuildFile; fileRef = 877496632F22869A001F6CAD /* ShareView.swift */; };
		877496692F22869A001F6CAD /* ShareViewController.swift in Sources */ = {isa = PBXBuildFile; fileRef = 877496642F22869A001F6CAD /* ShareViewController.swift */; };
		8774966A2F22869A001F6CAD /* ShareViewModel.swift in Sources */ = {isa = PBXBuildFile; fileRef = 877496652F22869A001F6CAD /* ShareViewModel.swift */; };
		8774966B2F22869A001F6CAD /* ShareView.swift in Sources */ = {isa = PBXBuildFile; fileRef = 877496632F22869A001F6CAD /* ShareView.swift */; };
		8774966C2F22869A001F6CAD /* ShareViewController.swift in Sources */ = {isa = PBXBuildFile; fileRef = 877496642F22869A001F6CAD /* ShareViewController.swift */; };
		8774966D2F22869A001F6CAD /* ShareViewModel.swift in Sources */ = {isa = PBXBuildFile; fileRef = 877496652F22869A001F6CAD /* ShareViewModel.swift */; };
		8774966E2F22869A001F6CAD /* ShareView.swift in Sources */ = {isa = PBXBuildFile; fileRef = 877496632F22869A001F6CAD /* ShareView.swift */; };
		8774966F2F22869A001F6CAD /* ShareViewController.swift in Sources */ = {isa = PBXBuildFile; fileRef = 877496642F22869A001F6CAD /* ShareViewController.swift */; };
		877496E02F2289D2001F6CAD /* SQLite in Frameworks */ = {isa = PBXBuildFile; productRef = 877496DF2F2289D2001F6CAD /* SQLite */; };
		877496E22F2289D9001F6CAD /* SQLite in Frameworks */ = {isa = PBXBuildFile; productRef = 877496E12F2289D9001F6CAD /* SQLite */; };
		87756C032E963DBC0055273C /* SQLite in Frameworks */ = {isa = PBXBuildFile; productRef = 87756C022E963DBC0055273C /* SQLite */; };
		87D58E522EA5036100F4454C /* privacy-policy.md in Resources */ = {isa = PBXBuildFile; fileRef = 87D58E512EA5035A00F4454C /* privacy-policy.md */; };
		87DD139B2EBB7949005982AB /* FirebaseAnalytics in Frameworks */ = {isa = PBXBuildFile; productRef = 87DD139A2EBB7949005982AB /* FirebaseAnalytics */; };
/* End PBXBuildFile section */

/* Begin PBXContainerItemProxy section */
		877496452F228481001F6CAD /* PBXContainerItemProxy */ = {
			isa = PBXContainerItemProxy;
			containerPortal = 87756BCF2E963D230055273C /* Project object */;
			proxyType = 1;
			remoteGlobalIDString = 8774963C2F228481001F6CAD;
			remoteInfo = ShareExtension;
		};
		877496592F2284DD001F6CAD /* PBXContainerItemProxy */ = {
			isa = PBXContainerItemProxy;
			containerPortal = 87756BCF2E963D230055273C /* Project object */;
			proxyType = 1;
			remoteGlobalIDString = 877496502F2284DD001F6CAD;
			remoteInfo = ShareExtensionDev;
		};
/* End PBXContainerItemProxy section */

/* Begin PBXCopyFilesBuildPhase section */
		877496482F228481001F6CAD /* Embed Foundation Extensions */ = {
			isa = PBXCopyFilesBuildPhase;
			buildActionMask = 2147483647;
			dstPath = "";
			dstSubfolderSpec = 13;
			files = (
				8774965B2F2284DD001F6CAD /* ShareExtensionDev.appex in Embed Foundation Extensions */,
				877496472F228481001F6CAD /* ShareExtension.appex in Embed Foundation Extensions */,
			);
			name = "Embed Foundation Extensions";
			runOnlyForDeploymentPostprocessing = 0;
		};
/* End PBXCopyFilesBuildPhase section */

/* Begin PBXFileReference section */
		874BB4FF2EA265B2004AFFD5 /* readme.md */ = {isa = PBXFileReference; lastKnownFileType = net.daringfireball.markdown; path = readme.md; sourceTree = "<group>"; };
		8774963D2F228481001F6CAD /* ShareExtension.appex */ = {isa = PBXFileReference; explicitFileType = "wrapper.app-extension"; includeInIndex = 0; path = ShareExtension.appex; sourceTree = BUILT_PRODUCTS_DIR; };
		877496512F2284DD001F6CAD /* ShareExtensionDev.appex */ = {isa = PBXFileReference; explicitFileType = "wrapper.app-extension"; includeInIndex = 0; path = ShareExtensionDev.appex; sourceTree = BUILT_PRODUCTS_DIR; };
		877496632F22869A001F6CAD /* ShareView.swift */ = {isa = PBXFileReference; lastKnownFileType = sourcecode.swift; path = ShareView.swift; sourceTree = "<group>"; };
		877496642F22869A001F6CAD /* ShareViewController.swift */ = {isa = PBXFileReference; lastKnownFileType = sourcecode.swift; path = ShareViewController.swift; sourceTree = "<group>"; };
		877496652F22869A001F6CAD /* ShareViewModel.swift */ = {isa = PBXFileReference; lastKnownFileType = sourcecode.swift; path = ShareViewModel.swift; sourceTree = "<group>"; };
		87756BD72E963D240055273C /* JourneyWallet-Dev.app */ = {isa = PBXFileReference; explicitFileType = wrapper.application; includeInIndex = 0; path = "JourneyWallet-Dev.app"; sourceTree = BUILT_PRODUCTS_DIR; };
		87D58E512EA5035A00F4454C /* privacy-policy.md */ = {isa = PBXFileReference; lastKnownFileType = net.daringfireball.markdown; path = "privacy-policy.md"; sourceTree = "<group>"; };
/* End PBXFileReference section */

/* Begin PBXFileSystemSynchronizedBuildFileExceptionSet section */
		87411A602EA140CB008F69EE /* Exceptions for "JourneyWallet" folder in "JourneyWallet" target */ = {
			isa = PBXFileSystemSynchronizedBuildFileExceptionSet;
			membershipExceptions = (
				Config/Base.xcconfig,
				Config/Debug.xcconfig,
				Config/Release.xcconfig,
				Info.plist,
			);
			target = 87756BD62E963D240055273C /* JourneyWallet */;
		};
		8774964C2F228481001F6CAD /* Exceptions for "ShareExtension" folder in "ShareExtension" target */ = {
			isa = PBXFileSystemSynchronizedBuildFileExceptionSet;
			membershipExceptions = (
				Info.plist,
			);
			target = 8774963C2F228481001F6CAD /* ShareExtension */;
		};
		8774965F2F2284DD001F6CAD /* Exceptions for "ShareExtensionDev" folder in "ShareExtensionDev" target */ = {
			isa = PBXFileSystemSynchronizedBuildFileExceptionSet;
			membershipExceptions = (
				Info.plist,
			);
			target = 877496502F2284DD001F6CAD /* ShareExtensionDev */;
		};
/* End PBXFileSystemSynchronizedBuildFileExceptionSet section */

/* Begin PBXFileSystemSynchronizedRootGroup section */
		87171B3F2ED9B1240084F6D7 /* BusinessLogic */ = {
			isa = PBXFileSystemSynchronizedRootGroup;
			path = BusinessLogic;
			sourceTree = "<group>";
		};
		8774963E2F228481001F6CAD /* ShareExtension */ = {
			isa = PBXFileSystemSynchronizedRootGroup;
			exceptions = (
				8774964C2F228481001F6CAD /* Exceptions for "ShareExtension" folder in "ShareExtension" target */,
			);
			path = ShareExtension;
			sourceTree = "<group>";
		};
		877496522F2284DD001F6CAD /* ShareExtensionDev */ = {
			isa = PBXFileSystemSynchronizedRootGroup;
			exceptions = (
				8774965F2F2284DD001F6CAD /* Exceptions for "ShareExtensionDev" folder in "ShareExtensionDev" target */,
			);
			path = ShareExtensionDev;
			sourceTree = "<group>";
		};
		87756BD92E963D240055273C /* JourneyWallet */ = {
			isa = PBXFileSystemSynchronizedRootGroup;
			exceptions = (
				87411A602EA140CB008F69EE /* Exceptions for "JourneyWallet" folder in "JourneyWallet" target */,
			);
			path = JourneyWallet;
			sourceTree = "<group>";
		};
/* End PBXFileSystemSynchronizedRootGroup section */

/* Begin PBXFrameworksBuildPhase section */
		8774963A2F228481001F6CAD /* Frameworks */ = {
			isa = PBXFrameworksBuildPhase;
			buildActionMask = 2147483647;
			files = (
				877496E22F2289D9001F6CAD /* SQLite in Frameworks */,
			);
			runOnlyForDeploymentPostprocessing = 0;
		};
		8774964E2F2284DD001F6CAD /* Frameworks */ = {
			isa = PBXFrameworksBuildPhase;
			buildActionMask = 2147483647;
			files = (
				877496E02F2289D2001F6CAD /* SQLite in Frameworks */,
			);
			runOnlyForDeploymentPostprocessing = 0;
		};
		87756BD42E963D240055273C /* Frameworks */ = {
			isa = PBXFrameworksBuildPhase;
			buildActionMask = 2147483647;
			files = (
				87DD139B2EBB7949005982AB /* FirebaseAnalytics in Frameworks */,
				87756C032E963DBC0055273C /* SQLite in Frameworks */,
			);
			runOnlyForDeploymentPostprocessing = 0;
		};
/* End PBXFrameworksBuildPhase section */

/* Begin PBXGroup section */
		877496662F22869A001F6CAD /* ShareExtensionShared */ = {
			isa = PBXGroup;
			children = (
				877496632F22869A001F6CAD /* ShareView.swift */,
				877496642F22869A001F6CAD /* ShareViewController.swift */,
				877496652F22869A001F6CAD /* ShareViewModel.swift */,
			);
			path = ShareExtensionShared;
			sourceTree = "<group>";
		};
		877496DE2F2289D2001F6CAD /* Frameworks */ = {
			isa = PBXGroup;
			children = (
			);
			name = Frameworks;
			sourceTree = "<group>";
		};
		87756BCE2E963D230055273C = {
			isa = PBXGroup;
			children = (
				877496662F22869A001F6CAD /* ShareExtensionShared */,
				87171B3F2ED9B1240084F6D7 /* BusinessLogic */,
				87D58E512EA5035A00F4454C /* privacy-policy.md */,
				874BB4FF2EA265B2004AFFD5 /* readme.md */,
				87756BD92E963D240055273C /* JourneyWallet */,
				8774963E2F228481001F6CAD /* ShareExtension */,
				877496522F2284DD001F6CAD /* ShareExtensionDev */,
				877496DE2F2289D2001F6CAD /* Frameworks */,
				87756BD82E963D240055273C /* Products */,
			);
			sourceTree = "<group>";
		};
		87756BD82E963D240055273C /* Products */ = {
			isa = PBXGroup;
			children = (
				87756BD72E963D240055273C /* JourneyWallet-Dev.app */,
				8774963D2F228481001F6CAD /* ShareExtension.appex */,
				877496512F2284DD001F6CAD /* ShareExtensionDev.appex */,
			);
			name = Products;
			sourceTree = "<group>";
		};
/* End PBXGroup section */

/* Begin PBXNativeTarget section */
		8774963C2F228481001F6CAD /* ShareExtension */ = {
			isa = PBXNativeTarget;
			buildConfigurationList = 8774964B2F228481001F6CAD /* Build configuration list for PBXNativeTarget "ShareExtension" */;
			buildPhases = (
				877496392F228481001F6CAD /* Sources */,
				8774963A2F228481001F6CAD /* Frameworks */,
				8774963B2F228481001F6CAD /* Resources */,
			);
			buildRules = (
			);
			dependencies = (
			);
			fileSystemSynchronizedGroups = (
				87171B3F2ED9B1240084F6D7 /* BusinessLogic */,
				8774963E2F228481001F6CAD /* ShareExtension */,
			);
			name = ShareExtension;
			packageProductDependencies = (
				877496E12F2289D9001F6CAD /* SQLite */,
			);
			productName = ShareExtension;
			productReference = 8774963D2F228481001F6CAD /* ShareExtension.appex */;
			productType = "com.apple.product-type.app-extension";
		};
		877496502F2284DD001F6CAD /* ShareExtensionDev */ = {
			isa = PBXNativeTarget;
			buildConfigurationList = 8774965C2F2284DD001F6CAD /* Build configuration list for PBXNativeTarget "ShareExtensionDev" */;
			buildPhases = (
				8774964D2F2284DD001F6CAD /* Sources */,
				8774964E2F2284DD001F6CAD /* Frameworks */,
				8774964F2F2284DD001F6CAD /* Resources */,
			);
			buildRules = (
			);
			dependencies = (
			);
			fileSystemSynchronizedGroups = (
				87171B3F2ED9B1240084F6D7 /* BusinessLogic */,
				877496522F2284DD001F6CAD /* ShareExtensionDev */,
			);
			name = ShareExtensionDev;
			packageProductDependencies = (
				877496DF2F2289D2001F6CAD /* SQLite */,
			);
			productName = ShareExtensionDev;
			productReference = 877496512F2284DD001F6CAD /* ShareExtensionDev.appex */;
			productType = "com.apple.product-type.app-extension";
		};
		87756BD62E963D240055273C /* JourneyWallet */ = {
			isa = PBXNativeTarget;
			buildConfigurationList = 87756BF82E963D250055273C /* Build configuration list for PBXNativeTarget "JourneyWallet" */;
			buildPhases = (
				87756BD32E963D240055273C /* Sources */,
				87756BD42E963D240055273C /* Frameworks */,
				87756BD52E963D240055273C /* Resources */,
				877496482F228481001F6CAD /* Embed Foundation Extensions */,
			);
			buildRules = (
			);
			dependencies = (
				877496462F228481001F6CAD /* PBXTargetDependency */,
				8774965A2F2284DD001F6CAD /* PBXTargetDependency */,
			);
			fileSystemSynchronizedGroups = (
				87171B3F2ED9B1240084F6D7 /* BusinessLogic */,
				87756BD92E963D240055273C /* JourneyWallet */,
			);
			name = JourneyWallet;
			packageProductDependencies = (
				87756C022E963DBC0055273C /* SQLite */,
				87DD139A2EBB7949005982AB /* FirebaseAnalytics */,
			);
			productName = JourneyWallet;
			productReference = 87756BD72E963D240055273C /* JourneyWallet-Dev.app */;
			productType = "com.apple.product-type.application";
		};
/* End PBXNativeTarget section */

/* Begin PBXProject section */
		87756BCF2E963D230055273C /* Project object */ = {
			isa = PBXProject;
			attributes = {
				BuildIndependentTargetsInParallel = 1;
				LastSwiftUpdateCheck = 2620;
				LastUpgradeCheck = 2620;
				TargetAttributes = {
					8774963C2F228481001F6CAD = {
						CreatedOnToolsVersion = 26.2;
					};
					877496502F2284DD001F6CAD = {
						CreatedOnToolsVersion = 26.2;
					};
					87756BD62E963D240055273C = {
						CreatedOnToolsVersion = 16.4;
					};
				};
			};
			buildConfigurationList = 87756BD22E963D230055273C /* Build configuration list for PBXProject "JourneyWallet" */;
			developmentRegion = en;
			hasScannedForEncodings = 0;
			knownRegions = (
				en,
				Base,
				ru,
				kk,
				tr,
				de,
				uk,
			);
			mainGroup = 87756BCE2E963D230055273C;
			minimizedProjectReferenceProxies = 1;
			packageReferences = (
				87756C012E963D5F0055273C /* XCRemoteSwiftPackageReference "SQLite" */,
				87DD13992EBB7949005982AB /* XCRemoteSwiftPackageReference "firebase-ios-sdk" */,
			);
			preferredProjectObjectVersion = 77;
			productRefGroup = 87756BD82E963D240055273C /* Products */;
			projectDirPath = "";
			projectRoot = "";
			targets = (
				87756BD62E963D240055273C /* JourneyWallet */,
				8774963C2F228481001F6CAD /* ShareExtension */,
				877496502F2284DD001F6CAD /* ShareExtensionDev */,
			);
		};
/* End PBXProject section */

/* Begin PBXResourcesBuildPhase section */
		8774963B2F228481001F6CAD /* Resources */ = {
			isa = PBXResourcesBuildPhase;
			buildActionMask = 2147483647;
			files = (
			);
			runOnlyForDeploymentPostprocessing = 0;
		};
		8774964F2F2284DD001F6CAD /* Resources */ = {
			isa = PBXResourcesBuildPhase;
			buildActionMask = 2147483647;
			files = (
			);
			runOnlyForDeploymentPostprocessing = 0;
		};
		87756BD52E963D240055273C /* Resources */ = {
			isa = PBXResourcesBuildPhase;
			buildActionMask = 2147483647;
			files = (
				874BB5002EA265B6004AFFD5 /* readme.md in Resources */,
				87D58E522EA5036100F4454C /* privacy-policy.md in Resources */,
			);
			runOnlyForDeploymentPostprocessing = 0;
		};
/* End PBXResourcesBuildPhase section */

/* Begin PBXSourcesBuildPhase section */
		877496392F228481001F6CAD /* Sources */ = {
			isa = PBXSourcesBuildPhase;
			buildActionMask = 2147483647;
			files = (
				8774966A2F22869A001F6CAD /* ShareViewModel.swift in Sources */,
				8774966B2F22869A001F6CAD /* ShareView.swift in Sources */,
				8774966C2F22869A001F6CAD /* ShareViewController.swift in Sources */,
			);
			runOnlyForDeploymentPostprocessing = 0;
		};
		8774964D2F2284DD001F6CAD /* Sources */ = {
			isa = PBXSourcesBuildPhase;
			buildActionMask = 2147483647;
			files = (
				877496672F22869A001F6CAD /* ShareViewModel.swift in Sources */,
				877496682F22869A001F6CAD /* ShareView.swift in Sources */,
				877496692F22869A001F6CAD /* ShareViewController.swift in Sources */,
			);
			runOnlyForDeploymentPostprocessing = 0;
		};
		87756BD32E963D240055273C /* Sources */ = {
			isa = PBXSourcesBuildPhase;
			buildActionMask = 2147483647;
			files = (
				8774966D2F22869A001F6CAD /* ShareViewModel.swift in Sources */,
				8774966E2F22869A001F6CAD /* ShareView.swift in Sources */,
				8774966F2F22869A001F6CAD /* ShareViewController.swift in Sources */,
			);
			runOnlyForDeploymentPostprocessing = 0;
		};
/* End PBXSourcesBuildPhase section */

/* Begin PBXTargetDependency section */
		877496462F228481001F6CAD /* PBXTargetDependency */ = {
			isa = PBXTargetDependency;
			target = 8774963C2F228481001F6CAD /* ShareExtension */;
			targetProxy = 877496452F228481001F6CAD /* PBXContainerItemProxy */;
		};
		8774965A2F2284DD001F6CAD /* PBXTargetDependency */ = {
			isa = PBXTargetDependency;
			target = 877496502F2284DD001F6CAD /* ShareExtensionDev */;
			targetProxy = 877496592F2284DD001F6CAD /* PBXContainerItemProxy */;
		};
/* End PBXTargetDependency section */

/* Begin XCBuildConfiguration section */
		877496492F228481001F6CAD /* Debug */ = {
			isa = XCBuildConfiguration;
			buildSettings = {
				CODE_SIGN_ENTITLEMENTS = ShareExtension/ShareExtension.entitlements;
				CODE_SIGN_STYLE = Automatic;
				CURRENT_PROJECT_VERSION = 1;
				DEVELOPMENT_TEAM = EKKL63HDHJ;
				GENERATE_INFOPLIST_FILE = YES;
				INFOPLIST_FILE = ShareExtension/Info.plist;
				INFOPLIST_KEY_CFBundleDisplayName = ShareExtension;
				INFOPLIST_KEY_NSHumanReadableCopyright = "";
				IPHONEOS_DEPLOYMENT_TARGET = 26.2;
				LD_RUNPATH_SEARCH_PATHS = (
					"$(inherited)",
					"@executable_path/Frameworks",
					"@executable_path/../../Frameworks",
				);
				MARKETING_VERSION = 1.0;
				PRODUCT_BUNDLE_IDENTIFIER = dev.mgorbatyuk.JourneyWallet.ShareExtension;
				PRODUCT_NAME = "$(TARGET_NAME)";
				SKIP_INSTALL = YES;
				STRING_CATALOG_GENERATE_SYMBOLS = YES;
				SWIFT_APPROACHABLE_CONCURRENCY = YES;
				SWIFT_EMIT_LOC_STRINGS = YES;
				SWIFT_UPCOMING_FEATURE_MEMBER_IMPORT_VISIBILITY = YES;
				SWIFT_VERSION = 5.0;
				TARGETED_DEVICE_FAMILY = "1,2";
			};
			name = Debug;
		};
		8774964A2F228481001F6CAD /* Release */ = {
			isa = XCBuildConfiguration;
			buildSettings = {
				CODE_SIGN_ENTITLEMENTS = ShareExtension/ShareExtension.entitlements;
				CODE_SIGN_STYLE = Automatic;
				CURRENT_PROJECT_VERSION = 1;
				DEVELOPMENT_TEAM = EKKL63HDHJ;
				GENERATE_INFOPLIST_FILE = YES;
				INFOPLIST_FILE = ShareExtension/Info.plist;
				INFOPLIST_KEY_CFBundleDisplayName = ShareExtension;
				INFOPLIST_KEY_NSHumanReadableCopyright = "";
				IPHONEOS_DEPLOYMENT_TARGET = 26.2;
				LD_RUNPATH_SEARCH_PATHS = (
					"$(inherited)",
					"@executable_path/Frameworks",
					"@executable_path/../../Frameworks",
				);
				MARKETING_VERSION = 1.0;
				PRODUCT_BUNDLE_IDENTIFIER = dev.mgorbatyuk.JourneyWallet.ShareExtension;
				PRODUCT_NAME = "$(TARGET_NAME)";
				SKIP_INSTALL = YES;
				STRING_CATALOG_GENERATE_SYMBOLS = YES;
				SWIFT_APPROACHABLE_CONCURRENCY = YES;
				SWIFT_EMIT_LOC_STRINGS = YES;
				SWIFT_UPCOMING_FEATURE_MEMBER_IMPORT_VISIBILITY = YES;
				SWIFT_VERSION = 5.0;
				TARGETED_DEVICE_FAMILY = "1,2";
			};
			name = Release;
		};
		8774965D2F2284DD001F6CAD /* Debug */ = {
			isa = XCBuildConfiguration;
			buildSettings = {
				CODE_SIGN_ENTITLEMENTS = ShareExtensionDev/ShareExtensionDevDebug.entitlements;
				CODE_SIGN_STYLE = Automatic;
				CURRENT_PROJECT_VERSION = 1;
				DEVELOPMENT_TEAM = EKKL63HDHJ;
				GENERATE_INFOPLIST_FILE = YES;
				INFOPLIST_FILE = ShareExtensionDev/Info.plist;
				INFOPLIST_KEY_CFBundleDisplayName = ShareExtensionDev;
				INFOPLIST_KEY_NSHumanReadableCopyright = "";
				IPHONEOS_DEPLOYMENT_TARGET = 26.2;
				LD_RUNPATH_SEARCH_PATHS = (
					"$(inherited)",
					"@executable_path/Frameworks",
					"@executable_path/../../Frameworks",
				);
				MARKETING_VERSION = 1.0;
				PRODUCT_BUNDLE_IDENTIFIER = dev.mgorbatyuk.JourneyWallet.dev.ShareExtension;
				PRODUCT_NAME = "$(TARGET_NAME)";
				SKIP_INSTALL = YES;
				STRING_CATALOG_GENERATE_SYMBOLS = YES;
				SWIFT_APPROACHABLE_CONCURRENCY = YES;
				SWIFT_EMIT_LOC_STRINGS = YES;
				SWIFT_UPCOMING_FEATURE_MEMBER_IMPORT_VISIBILITY = YES;
				SWIFT_VERSION = 5.0;
				TARGETED_DEVICE_FAMILY = "1,2";
			};
			name = Debug;
		};
		8774965E2F2284DD001F6CAD /* Release */ = {
			isa = XCBuildConfiguration;
			buildSettings = {
				CODE_SIGN_ENTITLEMENTS = ShareExtensionDev/ShareExtensionDev.entitlements;
				CODE_SIGN_STYLE = Automatic;
				CURRENT_PROJECT_VERSION = 1;
				DEVELOPMENT_TEAM = EKKL63HDHJ;
				GENERATE_INFOPLIST_FILE = YES;
				INFOPLIST_FILE = ShareExtensionDev/Info.plist;
				INFOPLIST_KEY_CFBundleDisplayName = ShareExtensionDev;
				INFOPLIST_KEY_NSHumanReadableCopyright = "";
				IPHONEOS_DEPLOYMENT_TARGET = 26.2;
				LD_RUNPATH_SEARCH_PATHS = (
					"$(inherited)",
					"@executable_path/Frameworks",
					"@executable_path/../../Frameworks",
				);
				MARKETING_VERSION = 1.0;
				PRODUCT_BUNDLE_IDENTIFIER = dev.mgorbatyuk.JourneyWallet.dev.ShareExtension;
				PRODUCT_NAME = "$(TARGET_NAME)";
				SKIP_INSTALL = YES;
				STRING_CATALOG_GENERATE_SYMBOLS = YES;
				SWIFT_APPROACHABLE_CONCURRENCY = YES;
				SWIFT_EMIT_LOC_STRINGS = YES;
				SWIFT_UPCOMING_FEATURE_MEMBER_IMPORT_VISIBILITY = YES;
				SWIFT_VERSION = 5.0;
				TARGETED_DEVICE_FAMILY = "1,2";
			};
			name = Release;
		};
		87756BF62E963D250055273C /* Debug */ = {
			isa = XCBuildConfiguration;
			baseConfigurationReferenceAnchor = 87756BD92E963D240055273C /* JourneyWallet */;
			baseConfigurationReferenceRelativePath = Config/Debug.xcconfig;
			buildSettings = {
				ALWAYS_SEARCH_USER_PATHS = NO;
				ASSETCATALOG_COMPILER_GENERATE_SWIFT_ASSET_SYMBOL_EXTENSIONS = YES;
				CLANG_ANALYZER_LOCALIZABILITY_NONLOCALIZED = YES;
				CLANG_ANALYZER_NONNULL = YES;
				CLANG_ANALYZER_NUMBER_OBJECT_CONVERSION = YES_AGGRESSIVE;
				CLANG_CXX_LANGUAGE_STANDARD = "gnu++20";
				CLANG_ENABLE_MODULES = YES;
				CLANG_ENABLE_OBJC_ARC = YES;
				CLANG_ENABLE_OBJC_WEAK = YES;
				CLANG_WARN_BLOCK_CAPTURE_AUTORELEASING = YES;
				CLANG_WARN_BOOL_CONVERSION = YES;
				CLANG_WARN_COMMA = YES;
				CLANG_WARN_CONSTANT_CONVERSION = YES;
				CLANG_WARN_DEPRECATED_OBJC_IMPLEMENTATIONS = YES;
				CLANG_WARN_DIRECT_OBJC_ISA_USAGE = YES_ERROR;
				CLANG_WARN_DOCUMENTATION_COMMENTS = YES;
				CLANG_WARN_EMPTY_BODY = YES;
				CLANG_WARN_ENUM_CONVERSION = YES;
				CLANG_WARN_INFINITE_RECURSION = YES;
				CLANG_WARN_INT_CONVERSION = YES;
				CLANG_WARN_NON_LITERAL_NULL_CONVERSION = YES;
				CLANG_WARN_OBJC_IMPLICIT_RETAIN_SELF = YES;
				CLANG_WARN_OBJC_LITERAL_CONVERSION = YES;
				CLANG_WARN_OBJC_ROOT_CLASS = YES_ERROR;
				CLANG_WARN_QUOTED_INCLUDE_IN_FRAMEWORK_HEADER = YES;
				CLANG_WARN_RANGE_LOOP_ANALYSIS = YES;
				CLANG_WARN_STRICT_PROTOTYPES = YES;
				CLANG_WARN_SUSPICIOUS_MOVE = YES;
				CLANG_WARN_UNGUARDED_AVAILABILITY = YES_AGGRESSIVE;
				CLANG_WARN_UNREACHABLE_CODE = YES;
				CLANG_WARN__DUPLICATE_METHOD_MATCH = YES;
				COPY_PHASE_STRIP = NO;
				DEBUG_INFORMATION_FORMAT = dwarf;
				DEVELOPMENT_TEAM = EKKL63HDHJ;
				ENABLE_STRICT_OBJC_MSGSEND = YES;
				ENABLE_TESTABILITY = YES;
				ENABLE_USER_SCRIPT_SANDBOXING = YES;
				GCC_C_LANGUAGE_STANDARD = gnu17;
				GCC_DYNAMIC_NO_PIC = NO;
				GCC_NO_COMMON_BLOCKS = YES;
				GCC_OPTIMIZATION_LEVEL = 0;
				GCC_PREPROCESSOR_DEFINITIONS = (
					"DEBUG=1",
					"$(inherited)",
				);
				GCC_WARN_64_TO_32_BIT_CONVERSION = YES;
				GCC_WARN_ABOUT_RETURN_TYPE = YES_ERROR;
				GCC_WARN_UNDECLARED_SELECTOR = YES;
				GCC_WARN_UNINITIALIZED_AUTOS = YES_AGGRESSIVE;
				GCC_WARN_UNUSED_FUNCTION = YES;
				GCC_WARN_UNUSED_VARIABLE = YES;
				IPHONEOS_DEPLOYMENT_TARGET = 18.5;
				LOCALIZATION_PREFERS_STRING_CATALOGS = YES;
				MTL_ENABLE_DEBUG_INFO = INCLUDE_SOURCE;
				MTL_FAST_MATH = YES;
				ONLY_ACTIVE_ARCH = YES;
				SDKROOT = iphoneos;
				STRING_CATALOG_GENERATE_SYMBOLS = YES;
				SWIFT_ACTIVE_COMPILATION_CONDITIONS = "DEBUG $(inherited)";
				SWIFT_OPTIMIZATION_LEVEL = "-Onone";
				SWIFT_VERSION = 5.0;
			};
			name = Debug;
		};
		87756BF72E963D250055273C /* Release */ = {
			isa = XCBuildConfiguration;
			baseConfigurationReferenceAnchor = 87756BD92E963D240055273C /* JourneyWallet */;
			baseConfigurationReferenceRelativePath = Config/Release.xcconfig;
			buildSettings = {
				ALWAYS_SEARCH_USER_PATHS = NO;
				ASSETCATALOG_COMPILER_GENERATE_SWIFT_ASSET_SYMBOL_EXTENSIONS = YES;
				CLANG_ANALYZER_LOCALIZABILITY_NONLOCALIZED = YES;
				CLANG_ANALYZER_NONNULL = YES;
				CLANG_ANALYZER_NUMBER_OBJECT_CONVERSION = YES_AGGRESSIVE;
				CLANG_CXX_LANGUAGE_STANDARD = "gnu++20";
				CLANG_ENABLE_MODULES = YES;
				CLANG_ENABLE_OBJC_ARC = YES;
				CLANG_ENABLE_OBJC_WEAK = YES;
				CLANG_WARN_BLOCK_CAPTURE_AUTORELEASING = YES;
				CLANG_WARN_BOOL_CONVERSION = YES;
				CLANG_WARN_COMMA = YES;
				CLANG_WARN_CONSTANT_CONVERSION = YES;
				CLANG_WARN_DEPRECATED_OBJC_IMPLEMENTATIONS = YES;
				CLANG_WARN_DIRECT_OBJC_ISA_USAGE = YES_ERROR;
				CLANG_WARN_DOCUMENTATION_COMMENTS = YES;
				CLANG_WARN_EMPTY_BODY = YES;
				CLANG_WARN_ENUM_CONVERSION = YES;
				CLANG_WARN_INFINITE_RECURSION = YES;
				CLANG_WARN_INT_CONVERSION = YES;
				CLANG_WARN_NON_LITERAL_NULL_CONVERSION = YES;
				CLANG_WARN_OBJC_IMPLICIT_RETAIN_SELF = YES;
				CLANG_WARN_OBJC_LITERAL_CONVERSION = YES;
				CLANG_WARN_OBJC_ROOT_CLASS = YES_ERROR;
				CLANG_WARN_QUOTED_INCLUDE_IN_FRAMEWORK_HEADER = YES;
				CLANG_WARN_RANGE_LOOP_ANALYSIS = YES;
				CLANG_WARN_STRICT_PROTOTYPES = YES;
				CLANG_WARN_SUSPICIOUS_MOVE = YES;
				CLANG_WARN_UNGUARDED_AVAILABILITY = YES_AGGRESSIVE;
				CLANG_WARN_UNREACHABLE_CODE = YES;
				CLANG_WARN__DUPLICATE_METHOD_MATCH = YES;
				COPY_PHASE_STRIP = NO;
				DEBUG_INFORMATION_FORMAT = "dwarf-with-dsym";
				DEVELOPMENT_TEAM = EKKL63HDHJ;
				ENABLE_NS_ASSERTIONS = NO;
				ENABLE_STRICT_OBJC_MSGSEND = YES;
				ENABLE_USER_SCRIPT_SANDBOXING = YES;
				GCC_C_LANGUAGE_STANDARD = gnu17;
				GCC_NO_COMMON_BLOCKS = YES;
				GCC_WARN_64_TO_32_BIT_CONVERSION = YES;
				GCC_WARN_ABOUT_RETURN_TYPE = YES_ERROR;
				GCC_WARN_UNDECLARED_SELECTOR = YES;
				GCC_WARN_UNINITIALIZED_AUTOS = YES_AGGRESSIVE;
				GCC_WARN_UNUSED_FUNCTION = YES;
				GCC_WARN_UNUSED_VARIABLE = YES;
				IPHONEOS_DEPLOYMENT_TARGET = 18.5;
				LOCALIZATION_PREFERS_STRING_CATALOGS = YES;
				MTL_ENABLE_DEBUG_INFO = NO;
				MTL_FAST_MATH = YES;
				SDKROOT = iphoneos;
				STRING_CATALOG_GENERATE_SYMBOLS = YES;
				SWIFT_COMPILATION_MODE = wholemodule;
				SWIFT_VERSION = 5.0;
				VALIDATE_PRODUCT = YES;
			};
			name = Release;
		};
		87756BF92E963D250055273C /* Debug */ = {
			isa = XCBuildConfiguration;
			baseConfigurationReferenceAnchor = 87756BD92E963D240055273C /* JourneyWallet */;
			baseConfigurationReferenceRelativePath = Config/Debug.xcconfig;
			buildSettings = {
				ASSETCATALOG_COMPILER_APPICON_NAME = AppIconDevelop;
				ASSETCATALOG_COMPILER_GLOBAL_ACCENT_COLOR_NAME = AccentColor;
				ASSETCATALOG_COMPILER_INCLUDE_ALL_APPICON_ASSETS = NO;
				CODE_SIGN_ENTITLEMENTS = JourneyWallet/JourneyWalletDebug.entitlements;
				CODE_SIGN_STYLE = Automatic;
				CURRENT_PROJECT_VERSION = 1;
				DEVELOPMENT_TEAM = EKKL63HDHJ;
				ENABLE_PREVIEWS = YES;
				GENERATE_INFOPLIST_FILE = YES;
				INFOPLIST_FILE = JourneyWallet/Info.plist;
				INFOPLIST_KEY_CFBundleDisplayName = "Journey Wallet (Dev)";
				INFOPLIST_KEY_LSApplicationCategoryType = "public.app-category.travel";
				INFOPLIST_KEY_UIApplicationSceneManifest_Generation = YES;
				INFOPLIST_KEY_UIApplicationSupportsIndirectInputEvents = YES;
				INFOPLIST_KEY_UILaunchScreen_Generation = YES;
				INFOPLIST_KEY_UISupportedInterfaceOrientations = UIInterfaceOrientationPortrait;
				INFOPLIST_KEY_UISupportedInterfaceOrientations_iPad = "UIInterfaceOrientationLandscapeLeft UIInterfaceOrientationLandscapeRight UIInterfaceOrientationPortrait UIInterfaceOrientationPortraitUpsideDown";
				IPHONEOS_DEPLOYMENT_TARGET = 18.0;
				LD_RUNPATH_SEARCH_PATHS = (
					"$(inherited)",
					"@executable_path/Frameworks",
				);
				MARKETING_VERSION = 2026.1.2;
				PRODUCT_BUNDLE_IDENTIFIER = dev.mgorbatyuk.JourneyWallet.dev;
				PRODUCT_NAME = "$(TARGET_NAME)-Dev";
				SWIFT_EMIT_LOC_STRINGS = YES;
				SWIFT_VERSION = 5.0;
				TARGETED_DEVICE_FAMILY = 1;
			};
			name = Debug;
		};
		87756BFA2E963D250055273C /* Release */ = {
			isa = XCBuildConfiguration;
			baseConfigurationReferenceAnchor = 87756BD92E963D240055273C /* JourneyWallet */;
			baseConfigurationReferenceRelativePath = Config/Release.xcconfig;
			buildSettings = {
				ASSETCATALOG_COMPILER_APPICON_NAME = AppIcon;
				ASSETCATALOG_COMPILER_GLOBAL_ACCENT_COLOR_NAME = AccentColor;
				ASSETCATALOG_COMPILER_INCLUDE_ALL_APPICON_ASSETS = NO;
				CODE_SIGN_ENTITLEMENTS = JourneyWallet/JourneyWallet.entitlements;
				CODE_SIGN_STYLE = Automatic;
				CURRENT_PROJECT_VERSION = 1;
				DEVELOPMENT_TEAM = EKKL63HDHJ;
				ENABLE_PREVIEWS = YES;
				GENERATE_INFOPLIST_FILE = YES;
				INFOPLIST_FILE = JourneyWallet/Info.plist;
				INFOPLIST_KEY_CFBundleDisplayName = "Journey Wallet";
				INFOPLIST_KEY_LSApplicationCategoryType = "public.app-category.travel";
				INFOPLIST_KEY_UIApplicationSceneManifest_Generation = YES;
				INFOPLIST_KEY_UIApplicationSupportsIndirectInputEvents = YES;
				INFOPLIST_KEY_UILaunchScreen_Generation = YES;
				INFOPLIST_KEY_UISupportedInterfaceOrientations = UIInterfaceOrientationPortrait;
				INFOPLIST_KEY_UISupportedInterfaceOrientations_iPad = "UIInterfaceOrientationLandscapeLeft UIInterfaceOrientationLandscapeRight UIInterfaceOrientationPortrait UIInterfaceOrientationPortraitUpsideDown";
				IPHONEOS_DEPLOYMENT_TARGET = 18.0;
				LD_RUNPATH_SEARCH_PATHS = (
					"$(inherited)",
					"@executable_path/Frameworks",
				);
				MARKETING_VERSION = 2026.1.2;
				PRODUCT_BUNDLE_IDENTIFIER = dev.mgorbatyuk.JourneyWallet;
				PRODUCT_NAME = "$(TARGET_NAME)";
				SWIFT_EMIT_LOC_STRINGS = YES;
				SWIFT_VERSION = 5.0;
				TARGETED_DEVICE_FAMILY = 1;
			};
			name = Release;
		};
/* End XCBuildConfiguration section */

/* Begin XCConfigurationList section */
		8774964B2F228481001F6CAD /* Build configuration list for PBXNativeTarget "ShareExtension" */ = {
			isa = XCConfigurationList;
			buildConfigurations = (
				877496492F228481001F6CAD /* Debug */,
				8774964A2F228481001F6CAD /* Release */,
			);
			defaultConfigurationIsVisible = 0;
			defaultConfigurationName = Release;
		};
		8774965C2F2284DD001F6CAD /* Build configuration list for PBXNativeTarget "ShareExtensionDev" */ = {
			isa = XCConfigurationList;
			buildConfigurations = (
				8774965D2F2284DD001F6CAD /* Debug */,
				8774965E2F2284DD001F6CAD /* Release */,
			);
			defaultConfigurationIsVisible = 0;
			defaultConfigurationName = Release;
		};
		87756BD22E963D230055273C /* Build configuration list for PBXProject "JourneyWallet" */ = {
			isa = XCConfigurationList;
			buildConfigurations = (
				87756BF62E963D250055273C /* Debug */,
				87756BF72E963D250055273C /* Release */,
			);
			defaultConfigurationIsVisible = 0;
			defaultConfigurationName = Release;
		};
		87756BF82E963D250055273C /* Build configuration list for PBXNativeTarget "JourneyWallet" */ = {
			isa = XCConfigurationList;
			buildConfigurations = (
				87756BF92E963D250055273C /* Debug */,
				87756BFA2E963D250055273C /* Release */,
			);
			defaultConfigurationIsVisible = 0;
			defaultConfigurationName = Release;
		};
/* End XCConfigurationList section */

/* Begin XCRemoteSwiftPackageReference section */
		87756C012E963D5F0055273C /* XCRemoteSwiftPackageReference "SQLite" */ = {
			isa = XCRemoteSwiftPackageReference;
			repositoryURL = "https://github.com/stephencelis/SQLite.swift";
			requirement = {
				kind = upToNextMajorVersion;
				minimumVersion = 0.15.4;
			};
		};
		87DD13992EBB7949005982AB /* XCRemoteSwiftPackageReference "firebase-ios-sdk" */ = {
			isa = XCRemoteSwiftPackageReference;
			repositoryURL = "https://github.com/firebase/firebase-ios-sdk";
			requirement = {
				kind = upToNextMajorVersion;
				minimumVersion = 12.5.0;
			};
		};
/* End XCRemoteSwiftPackageReference section */

/* Begin XCSwiftPackageProductDependency section */
		877496DF2F2289D2001F6CAD /* SQLite */ = {
			isa = XCSwiftPackageProductDependency;
			package = 87756C012E963D5F0055273C /* XCRemoteSwiftPackageReference "SQLite" */;
			productName = SQLite;
		};
		877496E12F2289D9001F6CAD /* SQLite */ = {
			isa = XCSwiftPackageProductDependency;
			package = 87756C012E963D5F0055273C /* XCRemoteSwiftPackageReference "SQLite" */;
			productName = SQLite;
		};
		87756C022E963DBC0055273C /* SQLite */ = {
			isa = XCSwiftPackageProductDependency;
			package = 87756C012E963D5F0055273C /* XCRemoteSwiftPackageReference "SQLite" */;
			productName = SQLite;
		};
		87DD139A2EBB7949005982AB /* FirebaseAnalytics */ = {
			isa = XCSwiftPackageProductDependency;
			package = 87DD13992EBB7949005982AB /* XCRemoteSwiftPackageReference "firebase-ios-sdk" */;
			productName = FirebaseAnalytics;
		};
/* End XCSwiftPackageProductDependency section */
	};
	rootObject = 87756BCF2E963D230055273C /* Project object */;
}
