// !$*UTF8*$!
{
	archiveVersion = 1;
	classes = {
	};
	objectVersion = 77;
	objects = {

/* Begin PBXBuildFile section */
		874BB5002EA265B6004AFFD5 /* readme.md in Resources */ = {isa = PBXBuildFile; fileRef = 874BB4FF2EA265B2004AFFD5 /* readme.md */; };
		87756C032E963DBC0055273C /* SQLite in Frameworks */ = {isa = PBXBuildFile; productRef = 87756C022E963DBC0055273C /* SQLite */; };
		87D58E522EA5036100F4454C /* privacy-policy.md in Resources */ = {isa = PBXBuildFile; fileRef = 87D58E512EA5035A00F4454C /* privacy-policy.md */; };
		87DD139B2EBB7949005982AB /* FirebaseAnalytics in Frameworks */ = {isa = PBXBuildFile; productRef = 87DD139A2EBB7949005982AB /* FirebaseAnalytics */; };
/* End PBXBuildFile section */

/* Begin PBXContainerItemProxy section */
		87756BE52E963D240055273C /* PBXContainerItemProxy */ = {
			isa = PBXContainerItemProxy;
			containerPortal = 87756BCF2E963D230055273C /* Project object */;
			proxyType = 1;
			remoteGlobalIDString = 87756BD62E963D240055273C;
			remoteInfo = AwesomeApplication;
		};
/* End PBXContainerItemProxy section */

/* Begin PBXFileReference section */
		874BB4FF2EA265B2004AFFD5 /* readme.md */ = {isa = PBXFileReference; lastKnownFileType = net.daringfireball.markdown; path = readme.md; sourceTree = "<group>"; };
		87756BD72E963D240055273C /* AwesomeApplication-Dev.app */ = {isa = PBXFileReference; explicitFileType = wrapper.application; includeInIndex = 0; path = "AwesomeApplication-Dev.app"; sourceTree = BUILT_PRODUCTS_DIR; };
		87756BE42E963D240055273C /* AwesomeApplicationTests.xctest */ = {isa = PBXFileReference; explicitFileType = wrapper.cfbundle; includeInIndex = 0; path = AwesomeApplicationTests.xctest; sourceTree = BUILT_PRODUCTS_DIR; };
		87D58E512EA5035A00F4454C /* privacy-policy.md */ = {isa = PBXFileReference; lastKnownFileType = net.daringfireball.markdown; path = "privacy-policy.md"; sourceTree = "<group>"; };
/* End PBXFileReference section */

/* Begin PBXFileSystemSynchronizedBuildFileExceptionSet section */
		87411A602EA140CB008F69EE /* Exceptions for "AwesomeApplication" folder in "AwesomeApplication" target */ = {
			isa = PBXFileSystemSynchronizedBuildFileExceptionSet;
			membershipExceptions = (
				Config/Base.xcconfig,
				Config/Debug.xcconfig,
				Config/Release.xcconfig,
				Info.plist,
			);
			target = 87756BD62E963D240055273C /* AwesomeApplication */;
		};
/* End PBXFileSystemSynchronizedBuildFileExceptionSet section */

/* Begin PBXFileSystemSynchronizedRootGroup section */
		87171B3F2ED9B1240084F6D7 /* BusinessLogic */ = {
			isa = PBXFileSystemSynchronizedRootGroup;
			path = BusinessLogic;
			sourceTree = "<group>";
		};
		87756BD92E963D240055273C /* AwesomeApplication */ = {
			isa = PBXFileSystemSynchronizedRootGroup;
			exceptions = (
				87411A602EA140CB008F69EE /* Exceptions for "AwesomeApplication" folder in "AwesomeApplication" target */,
			);
			path = AwesomeApplication;
			sourceTree = "<group>";
		};
/* End PBXFileSystemSynchronizedRootGroup section */

/* Begin PBXFrameworksBuildPhase section */
		87756BD42E963D240055273C /* Frameworks */ = {
			isa = PBXFrameworksBuildPhase;
			buildActionMask = 2147483647;
			files = (
				87DD139B2EBB7949005982AB /* FirebaseAnalytics in Frameworks */,
				87756C032E963DBC0055273C /* SQLite in Frameworks */,
			);
			runOnlyForDeploymentPostprocessing = 0;
		};
		87756BE12E963D240055273C /* Frameworks */ = {
			isa = PBXFrameworksBuildPhase;
			buildActionMask = 2147483647;
			files = (
			);
			runOnlyForDeploymentPostprocessing = 0;
		};
/* End PBXFrameworksBuildPhase section */

/* Begin PBXGroup section */
		87756BCE2E963D230055273C = {
			isa = PBXGroup;
			children = (
				87171B3F2ED9B1240084F6D7 /* BusinessLogic */,
				87D58E512EA5035A00F4454C /* privacy-policy.md */,
				874BB4FF2EA265B2004AFFD5 /* readme.md */,
				87756BD92E963D240055273C /* AwesomeApplication */,
				87756BD82E963D240055273C /* Products */,
			);
			sourceTree = "<group>";
		};
		87756BD82E963D240055273C /* Products */ = {
			isa = PBXGroup;
			children = (
				87756BD72E963D240055273C /* AwesomeApplication-Dev.app */,
				87756BE42E963D240055273C /* AwesomeApplicationTests.xctest */,
			);
			name = Products;
			sourceTree = "<group>";
		};
/* End PBXGroup section */

/* Begin PBXNativeTarget section */
		87756BD62E963D240055273C /* AwesomeApplication */ = {
			isa = PBXNativeTarget;
			buildConfigurationList = 87756BF82E963D250055273C /* Build configuration list for PBXNativeTarget "AwesomeApplication" */;
			buildPhases = (
				87756BD32E963D240055273C /* Sources */,
				87756BD42E963D240055273C /* Frameworks */,
				87756BD52E963D240055273C /* Resources */,
			);
			buildRules = (
			);
			dependencies = (
			);
			fileSystemSynchronizedGroups = (
				87171B3F2ED9B1240084F6D7 /* BusinessLogic */,
				87756BD92E963D240055273C /* AwesomeApplication */,
			);
			name = AwesomeApplication;
			packageProductDependencies = (
				87756C022E963DBC0055273C /* SQLite */,
				87DD139A2EBB7949005982AB /* FirebaseAnalytics */,
			);
			productName = AwesomeApplication;
			productReference = 87756BD72E963D240055273C /* AwesomeApplication-Dev.app */;
			productType = "com.apple.product-type.application";
		};
		87756BE32E963D240055273C /* AwesomeApplicationTests */ = {
			isa = PBXNativeTarget;
			buildConfigurationList = 87756BFB2E963D250055273C /* Build configuration list for PBXNativeTarget "AwesomeApplicationTests" */;
			buildPhases = (
				87756BE02E963D240055273C /* Sources */,
				87756BE12E963D240055273C /* Frameworks */,
				87756BE22E963D240055273C /* Resources */,
			);
			buildRules = (
			);
			dependencies = (
				87756BE62E963D240055273C /* PBXTargetDependency */,
			);
			name = AwesomeApplicationTests;
			packageProductDependencies = (
			);
			productName = AwesomeApplicationTests;
			productReference = 87756BE42E963D240055273C /* AwesomeApplicationTests.xctest */;
			productType = "com.apple.product-type.bundle.unit-test";
		};
/* End PBXNativeTarget section */

/* Begin PBXProject section */
		87756BCF2E963D230055273C /* Project object */ = {
			isa = PBXProject;
			attributes = {
				BuildIndependentTargetsInParallel = 1;
				LastSwiftUpdateCheck = 1640;
				LastUpgradeCheck = 2620;
				TargetAttributes = {
					87756BD62E963D240055273C = {
						CreatedOnToolsVersion = 16.4;
					};
					87756BE32E963D240055273C = {
						CreatedOnToolsVersion = 16.4;
						TestTargetID = 87756BD62E963D240055273C;
					};
				};
			};
			buildConfigurationList = 87756BD22E963D230055273C /* Build configuration list for PBXProject "AwesomeApplication" */;
			developmentRegion = en;
			hasScannedForEncodings = 0;
			knownRegions = (
				en,
				Base,
				ru,
				kk,
				tr,
				de,
				uk,
			);
			mainGroup = 87756BCE2E963D230055273C;
			minimizedProjectReferenceProxies = 1;
			packageReferences = (
				87756C012E963D5F0055273C /* XCRemoteSwiftPackageReference "SQLite" */,
				87DD13992EBB7949005982AB /* XCRemoteSwiftPackageReference "firebase-ios-sdk" */,
			);
			preferredProjectObjectVersion = 77;
			productRefGroup = 87756BD82E963D240055273C /* Products */;
			projectDirPath = "";
			projectRoot = "";
			targets = (
				87756BD62E963D240055273C /* AwesomeApplication */,
				87756BE32E963D240055273C /* AwesomeApplicationTests */,
			);
		};
/* End PBXProject section */

/* Begin PBXResourcesBuildPhase section */
		87756BD52E963D240055273C /* Resources */ = {
			isa = PBXResourcesBuildPhase;
			buildActionMask = 2147483647;
			files = (
				874BB5002EA265B6004AFFD5 /* readme.md in Resources */,
				87D58E522EA5036100F4454C /* privacy-policy.md in Resources */,
			);
			runOnlyForDeploymentPostprocessing = 0;
		};
		87756BE22E963D240055273C /* Resources */ = {
			isa = PBXResourcesBuildPhase;
			buildActionMask = 2147483647;
			files = (
			);
			runOnlyForDeploymentPostprocessing = 0;
		};
/* End PBXResourcesBuildPhase section */

/* Begin PBXSourcesBuildPhase section */
		87756BD32E963D240055273C /* Sources */ = {
			isa = PBXSourcesBuildPhase;
			buildActionMask = 2147483647;
			files = (
			);
			runOnlyForDeploymentPostprocessing = 0;
		};
		87756BE02E963D240055273C /* Sources */ = {
			isa = PBXSourcesBuildPhase;
			buildActionMask = 2147483647;
			files = (
			);
			runOnlyForDeploymentPostprocessing = 0;
		};
/* End PBXSourcesBuildPhase section */

/* Begin PBXTargetDependency section */
		87756BE62E963D240055273C /* PBXTargetDependency */ = {
			isa = PBXTargetDependency;
			target = 87756BD62E963D240055273C /* AwesomeApplication */;
			targetProxy = 87756BE52E963D240055273C /* PBXContainerItemProxy */;
		};
/* End PBXTargetDependency section */

/* Begin XCBuildConfiguration section */
		87756BF62E963D250055273C /* Debug */ = {
			isa = XCBuildConfiguration;
			baseConfigurationReferenceAnchor = 87756BD92E963D240055273C /* AwesomeApplication */;
			baseConfigurationReferenceRelativePath = Config/Debug.xcconfig;
			buildSettings = {
				ALWAYS_SEARCH_USER_PATHS = NO;
				ASSETCATALOG_COMPILER_GENERATE_SWIFT_ASSET_SYMBOL_EXTENSIONS = YES;
				CLANG_ANALYZER_LOCALIZABILITY_NONLOCALIZED = YES;
				CLANG_ANALYZER_NONNULL = YES;
				CLANG_ANALYZER_NUMBER_OBJECT_CONVERSION = YES_AGGRESSIVE;
				CLANG_CXX_LANGUAGE_STANDARD = "gnu++20";
				CLANG_ENABLE_MODULES = YES;
				CLANG_ENABLE_OBJC_ARC = YES;
				CLANG_ENABLE_OBJC_WEAK = YES;
				CLANG_WARN_BLOCK_CAPTURE_AUTORELEASING = YES;
				CLANG_WARN_BOOL_CONVERSION = YES;
				CLANG_WARN_COMMA = YES;
				CLANG_WARN_CONSTANT_CONVERSION = YES;
				CLANG_WARN_DEPRECATED_OBJC_IMPLEMENTATIONS = YES;
				CLANG_WARN_DIRECT_OBJC_ISA_USAGE = YES_ERROR;
				CLANG_WARN_DOCUMENTATION_COMMENTS = YES;
				CLANG_WARN_EMPTY_BODY = YES;
				CLANG_WARN_ENUM_CONVERSION = YES;
				CLANG_WARN_INFINITE_RECURSION = YES;
				CLANG_WARN_INT_CONVERSION = YES;
				CLANG_WARN_NON_LITERAL_NULL_CONVERSION = YES;
				CLANG_WARN_OBJC_IMPLICIT_RETAIN_SELF = YES;
				CLANG_WARN_OBJC_LITERAL_CONVERSION = YES;
				CLANG_WARN_OBJC_ROOT_CLASS = YES_ERROR;
				CLANG_WARN_QUOTED_INCLUDE_IN_FRAMEWORK_HEADER = YES;
				CLANG_WARN_RANGE_LOOP_ANALYSIS = YES;
				CLANG_WARN_STRICT_PROTOTYPES = YES;
				CLANG_WARN_SUSPICIOUS_MOVE = YES;
				CLANG_WARN_UNGUARDED_AVAILABILITY = YES_AGGRESSIVE;
				CLANG_WARN_UNREACHABLE_CODE = YES;
				CLANG_WARN__DUPLICATE_METHOD_MATCH = YES;
				COPY_PHASE_STRIP = NO;
				DEBUG_INFORMATION_FORMAT = dwarf;
				DEVELOPMENT_TEAM = EKKL63HDHJ;
				ENABLE_STRICT_OBJC_MSGSEND = YES;
				ENABLE_TESTABILITY = YES;
				ENABLE_USER_SCRIPT_SANDBOXING = YES;
				GCC_C_LANGUAGE_STANDARD = gnu17;
				GCC_DYNAMIC_NO_PIC = NO;
				GCC_NO_COMMON_BLOCKS = YES;
				GCC_OPTIMIZATION_LEVEL = 0;
				GCC_PREPROCESSOR_DEFINITIONS = (
					"DEBUG=1",
					"$(inherited)",
				);
				GCC_WARN_64_TO_32_BIT_CONVERSION = YES;
				GCC_WARN_ABOUT_RETURN_TYPE = YES_ERROR;
				GCC_WARN_UNDECLARED_SELECTOR = YES;
				GCC_WARN_UNINITIALIZED_AUTOS = YES_AGGRESSIVE;
				GCC_WARN_UNUSED_FUNCTION = YES;
				GCC_WARN_UNUSED_VARIABLE = YES;
				IPHONEOS_DEPLOYMENT_TARGET = 18.5;
				LOCALIZATION_PREFERS_STRING_CATALOGS = YES;
				MTL_ENABLE_DEBUG_INFO = INCLUDE_SOURCE;
				MTL_FAST_MATH = YES;
				ONLY_ACTIVE_ARCH = YES;
				SDKROOT = iphoneos;
				STRING_CATALOG_GENERATE_SYMBOLS = YES;
				SWIFT_ACTIVE_COMPILATION_CONDITIONS = "DEBUG $(inherited)";
				SWIFT_OPTIMIZATION_LEVEL = "-Onone";
				SWIFT_VERSION = 5.0;
			};
			name = Debug;
		};
		87756BF72E963D250055273C /* Release */ = {
			isa = XCBuildConfiguration;
			baseConfigurationReferenceAnchor = 87756BD92E963D240055273C /* AwesomeApplication */;
			baseConfigurationReferenceRelativePath = Config/Release.xcconfig;
			buildSettings = {
				ALWAYS_SEARCH_USER_PATHS = NO;
				ASSETCATALOG_COMPILER_GENERATE_SWIFT_ASSET_SYMBOL_EXTENSIONS = YES;
				CLANG_ANALYZER_LOCALIZABILITY_NONLOCALIZED = YES;
				CLANG_ANALYZER_NONNULL = YES;
				CLANG_ANALYZER_NUMBER_OBJECT_CONVERSION = YES_AGGRESSIVE;
				CLANG_CXX_LANGUAGE_STANDARD = "gnu++20";
				CLANG_ENABLE_MODULES = YES;
				CLANG_ENABLE_OBJC_ARC = YES;
				CLANG_ENABLE_OBJC_WEAK = YES;
				CLANG_WARN_BLOCK_CAPTURE_AUTORELEASING = YES;
				CLANG_WARN_BOOL_CONVERSION = YES;
				CLANG_WARN_COMMA = YES;
				CLANG_WARN_CONSTANT_CONVERSION = YES;
				CLANG_WARN_DEPRECATED_OBJC_IMPLEMENTATIONS = YES;
				CLANG_WARN_DIRECT_OBJC_ISA_USAGE = YES_ERROR;
				CLANG_WARN_DOCUMENTATION_COMMENTS = YES;
				CLANG_WARN_EMPTY_BODY = YES;
				CLANG_WARN_ENUM_CONVERSION = YES;
				CLANG_WARN_INFINITE_RECURSION = YES;
				CLANG_WARN_INT_CONVERSION = YES;
				CLANG_WARN_NON_LITERAL_NULL_CONVERSION = YES;
				CLANG_WARN_OBJC_IMPLICIT_RETAIN_SELF = YES;
				CLANG_WARN_OBJC_LITERAL_CONVERSION = YES;
				CLANG_WARN_OBJC_ROOT_CLASS = YES_ERROR;
				CLANG_WARN_QUOTED_INCLUDE_IN_FRAMEWORK_HEADER = YES;
				CLANG_WARN_RANGE_LOOP_ANALYSIS = YES;
				CLANG_WARN_STRICT_PROTOTYPES = YES;
				CLANG_WARN_SUSPICIOUS_MOVE = YES;
				CLANG_WARN_UNGUARDED_AVAILABILITY = YES_AGGRESSIVE;
				CLANG_WARN_UNREACHABLE_CODE = YES;
				CLANG_WARN__DUPLICATE_METHOD_MATCH = YES;
				COPY_PHASE_STRIP = NO;
				DEBUG_INFORMATION_FORMAT = "dwarf-with-dsym";
				DEVELOPMENT_TEAM = EKKL63HDHJ;
				ENABLE_NS_ASSERTIONS = NO;
				ENABLE_STRICT_OBJC_MSGSEND = YES;
				ENABLE_USER_SCRIPT_SANDBOXING = YES;
				GCC_C_LANGUAGE_STANDARD = gnu17;
				GCC_NO_COMMON_BLOCKS = YES;
				GCC_WARN_64_TO_32_BIT_CONVERSION = YES;
				GCC_WARN_ABOUT_RETURN_TYPE = YES_ERROR;
				GCC_WARN_UNDECLARED_SELECTOR = YES;
				GCC_WARN_UNINITIALIZED_AUTOS = YES_AGGRESSIVE;
				GCC_WARN_UNUSED_FUNCTION = YES;
				GCC_WARN_UNUSED_VARIABLE = YES;
				IPHONEOS_DEPLOYMENT_TARGET = 18.5;
				LOCALIZATION_PREFERS_STRING_CATALOGS = YES;
				MTL_ENABLE_DEBUG_INFO = NO;
				MTL_FAST_MATH = YES;
				SDKROOT = iphoneos;
				STRING_CATALOG_GENERATE_SYMBOLS = YES;
				SWIFT_COMPILATION_MODE = wholemodule;
				SWIFT_VERSION = 5.0;
				VALIDATE_PRODUCT = YES;
			};
			name = Release;
		};
		87756BF92E963D250055273C /* Debug */ = {
			isa = XCBuildConfiguration;
			baseConfigurationReferenceAnchor = 87756BD92E963D240055273C /* AwesomeApplication */;
			baseConfigurationReferenceRelativePath = Config/Debug.xcconfig;
			buildSettings = {
				ASSETCATALOG_COMPILER_APPICON_NAME = AppIcon;
				ASSETCATALOG_COMPILER_GLOBAL_ACCENT_COLOR_NAME = AccentColor;
				ASSETCATALOG_COMPILER_INCLUDE_ALL_APPICON_ASSETS = NO;
				CODE_SIGN_ENTITLEMENTS = AwesomeApplication/AwesomeApplication.entitlements;
				CODE_SIGN_STYLE = Automatic;
				CURRENT_PROJECT_VERSION = 1;
				DEVELOPMENT_TEAM = EKKL63HDHJ;
				ENABLE_PREVIEWS = YES;
				GENERATE_INFOPLIST_FILE = YES;
				INFOPLIST_FILE = AwesomeApplication/Info.plist;
				INFOPLIST_KEY_CFBundleDisplayName = AwesomeApplication;
				INFOPLIST_KEY_LSApplicationCategoryType = "public.app-category.utilities";
				INFOPLIST_KEY_UIApplicationSceneManifest_Generation = YES;
				INFOPLIST_KEY_UIApplicationSupportsIndirectInputEvents = YES;
				INFOPLIST_KEY_UILaunchScreen_Generation = YES;
				INFOPLIST_KEY_UISupportedInterfaceOrientations = UIInterfaceOrientationPortrait;
				INFOPLIST_KEY_UISupportedInterfaceOrientations_iPad = "UIInterfaceOrientationLandscapeLeft UIInterfaceOrientationLandscapeRight UIInterfaceOrientationPortrait UIInterfaceOrientationPortraitUpsideDown";
				IPHONEOS_DEPLOYMENT_TARGET = 18.0;
				LD_RUNPATH_SEARCH_PATHS = (
					"$(inherited)",
					"@executable_path/Frameworks",
				);
				MARKETING_VERSION = 2026.1.1;
				PRODUCT_BUNDLE_IDENTIFIER = dev.mgorbatyuk.AwesomeApplicationDebug;
				PRODUCT_NAME = "$(TARGET_NAME)-Dev";
				SWIFT_EMIT_LOC_STRINGS = YES;
				SWIFT_VERSION = 5.0;
				TARGETED_DEVICE_FAMILY = 1;
			};
			name = Debug;
		};
		87756BFA2E963D250055273C /* Release */ = {
			isa = XCBuildConfiguration;
			baseConfigurationReferenceAnchor = 87756BD92E963D240055273C /* AwesomeApplication */;
			baseConfigurationReferenceRelativePath = Config/Release.xcconfig;
			buildSettings = {
				ASSETCATALOG_COMPILER_APPICON_NAME = AppIcon;
				ASSETCATALOG_COMPILER_GLOBAL_ACCENT_COLOR_NAME = AccentColor;
				ASSETCATALOG_COMPILER_INCLUDE_ALL_APPICON_ASSETS = NO;
				CODE_SIGN_ENTITLEMENTS = AwesomeApplication/AwesomeApplication.entitlements;
				CODE_SIGN_STYLE = Automatic;
				CURRENT_PROJECT_VERSION = 1;
				DEVELOPMENT_TEAM = EKKL63HDHJ;
				ENABLE_PREVIEWS = YES;
				GENERATE_INFOPLIST_FILE = YES;
				INFOPLIST_FILE = AwesomeApplication/Info.plist;
				INFOPLIST_KEY_CFBundleDisplayName = AwesomeApplication;
				INFOPLIST_KEY_LSApplicationCategoryType = "public.app-category.utilities";
				INFOPLIST_KEY_UIApplicationSceneManifest_Generation = YES;
				INFOPLIST_KEY_UIApplicationSupportsIndirectInputEvents = YES;
				INFOPLIST_KEY_UILaunchScreen_Generation = YES;
				INFOPLIST_KEY_UISupportedInterfaceOrientations = UIInterfaceOrientationPortrait;
				INFOPLIST_KEY_UISupportedInterfaceOrientations_iPad = "UIInterfaceOrientationLandscapeLeft UIInterfaceOrientationLandscapeRight UIInterfaceOrientationPortrait UIInterfaceOrientationPortraitUpsideDown";
				IPHONEOS_DEPLOYMENT_TARGET = 18.0;
				LD_RUNPATH_SEARCH_PATHS = (
					"$(inherited)",
					"@executable_path/Frameworks",
				);
				MARKETING_VERSION = 2026.1.1;
				PRODUCT_BUNDLE_IDENTIFIER = dev.mgorbatyuk.AwesomeApplication;
				PRODUCT_NAME = "$(TARGET_NAME)";
				SWIFT_EMIT_LOC_STRINGS = YES;
				SWIFT_VERSION = 5.0;
				TARGETED_DEVICE_FAMILY = 1;
			};
			name = Release;
		};
		87756BFC2E963D250055273C /* Debug */ = {
			isa = XCBuildConfiguration;
			baseConfigurationReferenceAnchor = 87756BD92E963D240055273C /* AwesomeApplication */;
			baseConfigurationReferenceRelativePath = Config/Debug.xcconfig;
			buildSettings = {
				BUNDLE_LOADER = "$(TEST_HOST)";
				CODE_SIGN_STYLE = Automatic;
				CURRENT_PROJECT_VERSION = 1;
				DEVELOPMENT_TEAM = EKKL63HDHJ;
				GENERATE_INFOPLIST_FILE = YES;
				IPHONEOS_DEPLOYMENT_TARGET = 18.5;
				MARKETING_VERSION = 1.0;
				PRODUCT_BUNDLE_IDENTIFIER = dev.mgorbatyuk.AwesomeApplicationTests;
				PRODUCT_NAME = "$(TARGET_NAME)";
				SWIFT_EMIT_LOC_STRINGS = NO;
				SWIFT_VERSION = 5.0;
				TARGETED_DEVICE_FAMILY = "1,2";
			};
			name = Debug;
		};
		87756BFD2E963D250055273C /* Release */ = {
			isa = XCBuildConfiguration;
			baseConfigurationReferenceAnchor = 87756BD92E963D240055273C /* AwesomeApplication */;
			baseConfigurationReferenceRelativePath = Config/Release.xcconfig;
			buildSettings = {
				BUNDLE_LOADER = "$(TEST_HOST)";
				CODE_SIGN_STYLE = Automatic;
				CURRENT_PROJECT_VERSION = 1;
				DEVELOPMENT_TEAM = EKKL63HDHJ;
				GENERATE_INFOPLIST_FILE = YES;
				IPHONEOS_DEPLOYMENT_TARGET = 18.5;
				MARKETING_VERSION = 1.0;
				PRODUCT_BUNDLE_IDENTIFIER = dev.mgorbatyuk.AwesomeApplicationTests;
				PRODUCT_NAME = "$(TARGET_NAME)";
				SWIFT_EMIT_LOC_STRINGS = NO;
				SWIFT_VERSION = 5.0;
				TARGETED_DEVICE_FAMILY = "1,2";
			};
			name = Release;
		};
/* End XCBuildConfiguration section */

/* Begin XCConfigurationList section */
		87756BD22E963D230055273C /* Build configuration list for PBXProject "AwesomeApplication" */ = {
			isa = XCConfigurationList;
			buildConfigurations = (
				87756BF62E963D250055273C /* Debug */,
				87756BF72E963D250055273C /* Release */,
			);
			defaultConfigurationIsVisible = 0;
			defaultConfigurationName = Release;
		};
		87756BF82E963D250055273C /* Build configuration list for PBXNativeTarget "AwesomeApplication" */ = {
			isa = XCConfigurationList;
			buildConfigurations = (
				87756BF92E963D250055273C /* Debug */,
				87756BFA2E963D250055273C /* Release */,
			);
			defaultConfigurationIsVisible = 0;
			defaultConfigurationName = Release;
		};
		87756BFB2E963D250055273C /* Build configuration list for PBXNativeTarget "AwesomeApplicationTests" */ = {
			isa = XCConfigurationList;
			buildConfigurations = (
				87756BFC2E963D250055273C /* Debug */,
				87756BFD2E963D250055273C /* Release */,
			);
			defaultConfigurationIsVisible = 0;
			defaultConfigurationName = Release;
		};
/* End XCConfigurationList section */

/* Begin XCRemoteSwiftPackageReference section */
		87756C012E963D5F0055273C /* XCRemoteSwiftPackageReference "SQLite" */ = {
			isa = XCRemoteSwiftPackageReference;
			repositoryURL = "https://github.com/stephencelis/SQLite.swift";
			requirement = {
				kind = upToNextMajorVersion;
				minimumVersion = 0.15.4;
			};
		};
		87DD13992EBB7949005982AB /* XCRemoteSwiftPackageReference "firebase-ios-sdk" */ = {
			isa = XCRemoteSwiftPackageReference;
			repositoryURL = "https://github.com/firebase/firebase-ios-sdk";
			requirement = {
				kind = upToNextMajorVersion;
				minimumVersion = 12.5.0;
			};
		};
/* End XCRemoteSwiftPackageReference section */

/* Begin XCSwiftPackageProductDependency section */
		87756C022E963DBC0055273C /* SQLite */ = {
			isa = XCSwiftPackageProductDependency;
			package = 87756C012E963D5F0055273C /* XCRemoteSwiftPackageReference "SQLite" */;
			productName = SQLite;
		};
		87DD139A2EBB7949005982AB /* FirebaseAnalytics */ = {
			isa = XCSwiftPackageProductDependency;
			package = 87DD13992EBB7949005982AB /* XCRemoteSwiftPackageReference "firebase-ios-sdk" */;
			productName = FirebaseAnalytics;
		};
/* End XCSwiftPackageProductDependency section */
	};
	rootObject = 87756BCF2E963D230055273C /* Project object */;
}
